
Microsoft Visual Studio Solution File, Format Version 12.00
# Visual Studio Version 16
VisualStudioVersion = 16.0.31624.102
MinimumVisualStudioVersion = 10.0.40219.1
Project("{FAE04EC0-301F-11D3-BF4B-00C04F79EFBC}") = "BMS2", "BMS2\BMS2.csproj", "{561DD7D1-0F21-4F68-9381-1BD50FC34342}"
EndProject
Global
	GlobalSection(SolutionConfigurationPlatforms) = preSolution
		Debug|Any CPU = Debug|Any CPU
		Release|Any CPU = Release|Any CPU
	EndGlobalSection
	GlobalSection(ProjectConfigurationPlatforms) = postSolution
		{561DD7D1-0F21-4F68-9381-1BD50FC34342}.Debug|Any CPU.ActiveCfg = Debug|Any CPU
		{561DD7D1-0F21-4F68-9381-1BD50FC34342}.Debug|Any CPU.Build.0 = Debug|Any CPU
		{561DD7D1-0F21-4F68-9381-1BD50FC34342}.Release|Any CPU.ActiveCfg = Release|Any CPU
		{561DD7D1-0F21-4F68-9381-1BD50FC34342}.Release|Any CPU.Build.0 = Release|Any CPU
	EndGlobalSection
	GlobalSection(SolutionProperties) = preSolution
		HideSolutionNode = FALSE
	EndGlobalSection
	GlobalSection(ExtensibilityGlobals) = postSolution
		SolutionGuid = {E4F4DDF3-1CC0-416F-9861-3CF7B59F0829}
	EndGlobalSection
EndGlobal
